
Microsoft Visual Studio Solution File, Format Version 12.00
# Visual Studio Version 17
VisualStudioVersion = 17.13.35818.85 d17.13
MinimumVisualStudioVersion = 10.0.40219.1
Project("{E24C65DC-7377-472B-9ABA-BC803B73C61A}") = "Memoria", "Memoria\", "{80B7B10F-BC3E-4214-4ADF-099DDC622C4B}"
	ProjectSection(WebsiteProperties) = preProject
		TargetFrameworkMoniker = ".NETFramework,Version%3Dv4.8.1"
		ProjectReferences = "{9185be8e-161e-4731-8c89-b4ee7270aec8}|MemoriaAPI.Entidades.dll;{36934f72-58cf-45c1-b517-4dc45420d591}|MemoriaAPI.Logica.dll;"
		Debug.AspNetCompiler.VirtualPath = "/localhost_50397"
		Debug.AspNetCompiler.PhysicalPath = "Memoria\"
		Debug.AspNetCompiler.TargetPath = "PrecompiledWeb\localhost_50397\"
		Debug.AspNetCompiler.Updateable = "true"
		Debug.AspNetCompiler.ForceOverwrite = "true"
		Debug.AspNetCompiler.FixedNames = "false"
		Debug.AspNetCompiler.Debug = "True"
		Release.AspNetCompiler.VirtualPath = "/localhost_50397"
		Release.AspNetCompiler.PhysicalPath = "Memoria\"
		Release.AspNetCompiler.TargetPath = "PrecompiledWeb\localhost_50397\"
		Release.AspNetCompiler.Updateable = "true"
		Release.AspNetCompiler.ForceOverwrite = "true"
		Release.AspNetCompiler.FixedNames = "false"
		Release.AspNetCompiler.Debug = "False"
		VWDPort = "50397"
		SlnRelativePath = "Memoria\"
		DefaultWebSiteLanguage = "Visual C#"
	EndProjectSection
EndProject
Project("{FAE04EC0-301F-11D3-BF4B-00C04F79EFBC}") = "MemoriaAPI", "MemoriaAPI\MemoriaAPI.csproj", "{FD9F5A47-842B-4A9D-B720-386F3BCEBD11}"
EndProject
Project("{FAE04EC0-301F-11D3-BF4B-00C04F79EFBC}") = "MemoriaAPI.Entidades", "MemoriaAPI.Entidades\MemoriaAPI.Entidades.csproj", "{9185BE8E-161E-4731-8C89-B4EE7270AEC8}"
EndProject
Project("{FAE04EC0-301F-11D3-BF4B-00C04F79EFBC}") = "MemoriaAPI.Logica", "MemoriaAPI.Logica\MemoriaAPI.Logica.csproj", "{36934F72-58CF-45C1-B517-4DC45420D591}"
EndProject
Global
	GlobalSection(SolutionConfigurationPlatforms) = preSolution
		Debug|Any CPU = Debug|Any CPU
		Release|Any CPU = Release|Any CPU
	EndGlobalSection
	GlobalSection(ProjectConfigurationPlatforms) = postSolution
		{80B7B10F-BC3E-4214-4ADF-099DDC622C4B}.Debug|Any CPU.ActiveCfg = Debug|Any CPU
		{80B7B10F-BC3E-4214-4ADF-099DDC622C4B}.Debug|Any CPU.Build.0 = Debug|Any CPU
		{80B7B10F-BC3E-4214-4ADF-099DDC622C4B}.Release|Any CPU.ActiveCfg = Debug|Any CPU
		{80B7B10F-BC3E-4214-4ADF-099DDC622C4B}.Release|Any CPU.Build.0 = Debug|Any CPU
		{FD9F5A47-842B-4A9D-B720-386F3BCEBD11}.Debug|Any CPU.ActiveCfg = Debug|Any CPU
		{FD9F5A47-842B-4A9D-B720-386F3BCEBD11}.Debug|Any CPU.Build.0 = Debug|Any CPU
		{FD9F5A47-842B-4A9D-B720-386F3BCEBD11}.Release|Any CPU.ActiveCfg = Release|Any CPU
		{FD9F5A47-842B-4A9D-B720-386F3BCEBD11}.Release|Any CPU.Build.0 = Release|Any CPU
		{9185BE8E-161E-4731-8C89-B4EE7270AEC8}.Debug|Any CPU.ActiveCfg = Debug|Any CPU
		{9185BE8E-161E-4731-8C89-B4EE7270AEC8}.Debug|Any CPU.Build.0 = Debug|Any CPU
		{9185BE8E-161E-4731-8C89-B4EE7270AEC8}.Release|Any CPU.ActiveCfg = Release|Any CPU
		{9185BE8E-161E-4731-8C89-B4EE7270AEC8}.Release|Any CPU.Build.0 = Release|Any CPU
		{36934F72-58CF-45C1-B517-4DC45420D591}.Debug|Any CPU.ActiveCfg = Debug|Any CPU
		{36934F72-58CF-45C1-B517-4DC45420D591}.Debug|Any CPU.Build.0 = Debug|Any CPU
		{36934F72-58CF-45C1-B517-4DC45420D591}.Release|Any CPU.ActiveCfg = Release|Any CPU
		{36934F72-58CF-45C1-B517-4DC45420D591}.Release|Any CPU.Build.0 = Release|Any CPU
	EndGlobalSection
	GlobalSection(SolutionProperties) = preSolution
		HideSolutionNode = FALSE
	EndGlobalSection
	GlobalSection(ExtensibilityGlobals) = postSolution
		SolutionGuid = {D3E58C74-6696-4291-AFF8-08953C55D351}
	EndGlobalSection
EndGlobal
